
Microsoft Visual Studio Solution File, Format Version 12.00
# Visual Studio Version 17
VisualStudioVersion = 17.10.34928.147
MinimumVisualStudioVersion = 10.0.40219.1
Project("{FAE04EC0-301F-11D3-BF4B-00C04F79EFBC}") = "Verifica2", "Verifica2\Verifica2.csproj", "{05CC9AD9-C44D-45A7-AA77-C703B7607EF0}"
EndProject
Global
	GlobalSection(SolutionConfigurationPlatforms) = preSolution
		Debug|Any CPU = Debug|Any CPU
		Release|Any CPU = Release|Any CPU
	EndGlobalSection
	GlobalSection(ProjectConfigurationPlatforms) = postSolution
		{05CC9AD9-C44D-45A7-AA77-C703B7607EF0}.Debug|Any CPU.ActiveCfg = Debug|Any CPU
		{05CC9AD9-C44D-45A7-AA77-C703B7607EF0}.Debug|Any CPU.Build.0 = Debug|Any CPU
		{05CC9AD9-C44D-45A7-AA77-C703B7607EF0}.Debug|Any CPU.Deploy.0 = Debug|Any CPU
		{05CC9AD9-C44D-45A7-AA77-C703B7607EF0}.Release|Any CPU.ActiveCfg = Release|Any CPU
		{05CC9AD9-C44D-45A7-AA77-C703B7607EF0}.Release|Any CPU.Build.0 = Release|Any CPU
		{05CC9AD9-C44D-45A7-AA77-C703B7607EF0}.Release|Any CPU.Deploy.0 = Release|Any CPU
	EndGlobalSection
	GlobalSection(SolutionProperties) = preSolution
		HideSolutionNode = FALSE
	EndGlobalSection
	GlobalSection(ExtensibilityGlobals) = postSolution
		SolutionGuid = {94B747F1-DAF0-4942-935D-B9F46FEC2C64}
	EndGlobalSection
EndGlobal
