
Microsoft Visual Studio Solution File, Format Version 12.00
# Visual Studio Version 17
VisualStudioVersion = 17.10.34928.147
MinimumVisualStudioVersion = 10.0.40219.1
Project("{9A19103F-16F7-4668-BE54-9A1E7A4F7556}") = "00Introduzione", "00Introduzione\00Introduzione.csproj", "{94374ECF-2DF0-4350-B905-9DB14523D8DE}"
EndProject
Project("{9A19103F-16F7-4668-BE54-9A1E7A4F7556}") = "01Orario", "01Orario\01Orario.csproj", "{309C40E9-750D-41FB-A78D-F3B4F6759BC8}"
EndProject
Project("{FAE04EC0-301F-11D3-BF4B-00C04F79EFBC}") = "03RidimensionaBox", "03RidimensionaBox\03RidimensionaBox.csproj", "{682C7888-0D7D-4300-8AB5-6A5A65CFFF6F}"
EndProject
Project("{FAE04EC0-301F-11D3-BF4B-00C04F79EFBC}") = "04Layout", "04Layout\04Layout.csproj", "{D418486E-31C5-4270-A895-B5184BB36E1C}"
EndProject
Project("{FAE04EC0-301F-11D3-BF4B-00C04F79EFBC}") = "04PiastrelleSA", "04PiastrelleSA\04PiastrelleSA.csproj", "{E68D406E-0A05-45A2-8AFF-225357861BA8}"
EndProject
Global
	GlobalSection(SolutionConfigurationPlatforms) = preSolution
		Debug|Any CPU = Debug|Any CPU
		Release|Any CPU = Release|Any CPU
	EndGlobalSection
	GlobalSection(ProjectConfigurationPlatforms) = postSolution
		{94374ECF-2DF0-4350-B905-9DB14523D8DE}.Debug|Any CPU.ActiveCfg = Debug|Any CPU
		{94374ECF-2DF0-4350-B905-9DB14523D8DE}.Debug|Any CPU.Build.0 = Debug|Any CPU
		{94374ECF-2DF0-4350-B905-9DB14523D8DE}.Debug|Any CPU.Deploy.0 = Debug|Any CPU
		{94374ECF-2DF0-4350-B905-9DB14523D8DE}.Release|Any CPU.ActiveCfg = Release|Any CPU
		{94374ECF-2DF0-4350-B905-9DB14523D8DE}.Release|Any CPU.Build.0 = Release|Any CPU
		{94374ECF-2DF0-4350-B905-9DB14523D8DE}.Release|Any CPU.Deploy.0 = Release|Any CPU
		{309C40E9-750D-41FB-A78D-F3B4F6759BC8}.Debug|Any CPU.ActiveCfg = Debug|Any CPU
		{309C40E9-750D-41FB-A78D-F3B4F6759BC8}.Debug|Any CPU.Build.0 = Debug|Any CPU
		{309C40E9-750D-41FB-A78D-F3B4F6759BC8}.Debug|Any CPU.Deploy.0 = Debug|Any CPU
		{309C40E9-750D-41FB-A78D-F3B4F6759BC8}.Release|Any CPU.ActiveCfg = Release|Any CPU
		{309C40E9-750D-41FB-A78D-F3B4F6759BC8}.Release|Any CPU.Build.0 = Release|Any CPU
		{309C40E9-750D-41FB-A78D-F3B4F6759BC8}.Release|Any CPU.Deploy.0 = Release|Any CPU
		{682C7888-0D7D-4300-8AB5-6A5A65CFFF6F}.Debug|Any CPU.ActiveCfg = Debug|Any CPU
		{682C7888-0D7D-4300-8AB5-6A5A65CFFF6F}.Debug|Any CPU.Build.0 = Debug|Any CPU
		{682C7888-0D7D-4300-8AB5-6A5A65CFFF6F}.Debug|Any CPU.Deploy.0 = Debug|Any CPU
		{682C7888-0D7D-4300-8AB5-6A5A65CFFF6F}.Release|Any CPU.ActiveCfg = Release|Any CPU
		{682C7888-0D7D-4300-8AB5-6A5A65CFFF6F}.Release|Any CPU.Build.0 = Release|Any CPU
		{682C7888-0D7D-4300-8AB5-6A5A65CFFF6F}.Release|Any CPU.Deploy.0 = Release|Any CPU
		{D418486E-31C5-4270-A895-B5184BB36E1C}.Debug|Any CPU.ActiveCfg = Debug|Any CPU
		{D418486E-31C5-4270-A895-B5184BB36E1C}.Debug|Any CPU.Build.0 = Debug|Any CPU
		{D418486E-31C5-4270-A895-B5184BB36E1C}.Debug|Any CPU.Deploy.0 = Debug|Any CPU
		{D418486E-31C5-4270-A895-B5184BB36E1C}.Release|Any CPU.ActiveCfg = Release|Any CPU
		{D418486E-31C5-4270-A895-B5184BB36E1C}.Release|Any CPU.Build.0 = Release|Any CPU
		{D418486E-31C5-4270-A895-B5184BB36E1C}.Release|Any CPU.Deploy.0 = Release|Any CPU
		{E68D406E-0A05-45A2-8AFF-225357861BA8}.Debug|Any CPU.ActiveCfg = Debug|Any CPU
		{E68D406E-0A05-45A2-8AFF-225357861BA8}.Debug|Any CPU.Build.0 = Debug|Any CPU
		{E68D406E-0A05-45A2-8AFF-225357861BA8}.Debug|Any CPU.Deploy.0 = Debug|Any CPU
		{E68D406E-0A05-45A2-8AFF-225357861BA8}.Release|Any CPU.ActiveCfg = Release|Any CPU
		{E68D406E-0A05-45A2-8AFF-225357861BA8}.Release|Any CPU.Build.0 = Release|Any CPU
		{E68D406E-0A05-45A2-8AFF-225357861BA8}.Release|Any CPU.Deploy.0 = Release|Any CPU
	EndGlobalSection
	GlobalSection(SolutionProperties) = preSolution
		HideSolutionNode = FALSE
	EndGlobalSection
	GlobalSection(ExtensibilityGlobals) = postSolution
		SolutionGuid = {48C111AA-C444-4C88-BEF9-20DE0CD0F600}
	EndGlobalSection
EndGlobal
