
Microsoft Visual Studio Solution File, Format Version 12.00
# Visual Studio Version 17
VisualStudioVersion = 17.10.34928.147
MinimumVisualStudioVersion = 10.0.40219.1
Project("{FAE04EC0-301F-11D3-BF4B-00C04F79EFBC}") = "AppJSON", "AppJSON\AppJSON.csproj", "{8855F96D-23A6-4E19-B9F8-3F9711091147}"
EndProject
Global
	GlobalSection(SolutionConfigurationPlatforms) = preSolution
		Debug|Any CPU = Debug|Any CPU
		Release|Any CPU = Release|Any CPU
	EndGlobalSection
	GlobalSection(ProjectConfigurationPlatforms) = postSolution
		{8855F96D-23A6-4E19-B9F8-3F9711091147}.Debug|Any CPU.ActiveCfg = Debug|Any CPU
		{8855F96D-23A6-4E19-B9F8-3F9711091147}.Debug|Any CPU.Build.0 = Debug|Any CPU
		{8855F96D-23A6-4E19-B9F8-3F9711091147}.Debug|Any CPU.Deploy.0 = Debug|Any CPU
		{8855F96D-23A6-4E19-B9F8-3F9711091147}.Release|Any CPU.ActiveCfg = Release|Any CPU
		{8855F96D-23A6-4E19-B9F8-3F9711091147}.Release|Any CPU.Build.0 = Release|Any CPU
		{8855F96D-23A6-4E19-B9F8-3F9711091147}.Release|Any CPU.Deploy.0 = Release|Any CPU
	EndGlobalSection
	GlobalSection(SolutionProperties) = preSolution
		HideSolutionNode = FALSE
	EndGlobalSection
	GlobalSection(ExtensibilityGlobals) = postSolution
		SolutionGuid = {A442D64C-C336-44B7-98D9-85DA736C8E80}
	EndGlobalSection
EndGlobal
