
Microsoft Visual Studio Solution File, Format Version 12.00
# Visual Studio Version 17
VisualStudioVersion = 17.10.34928.147
MinimumVisualStudioVersion = 10.0.40219.1
Project("{9A19103F-16F7-4668-BE54-9A1E7A4F7556}") = "01ProgrammaOOP", "01ProgrammaOOP\01ProgrammaOOP.csproj", "{B7A23380-B983-44AA-83B5-B1D08B9C3F04}"
EndProject
Project("{9A19103F-16F7-4668-BE54-9A1E7A4F7556}") = "09Geometria", "09Geometria\09Geometria.csproj", "{E426572E-1E1D-458B-9A03-DD197350F0F1}"
EndProject
Project("{9A19103F-16F7-4668-BE54-9A1E7A4F7556}") = "03AppHotel", "03AppHotel\03AppHotel.csproj", "{7C99EE72-7976-48BF-A16A-450809AAC7CE}"
EndProject
Project("{9A19103F-16F7-4668-BE54-9A1E7A4F7556}") = "PreparazioneTest", "PreparazioneTest\PreparazioneTest.csproj", "{B7DBC5BE-59B8-49D0-93EC-17CE7502D5DD}"
EndProject
Project("{9A19103F-16F7-4668-BE54-9A1E7A4F7556}") = "ListeApp", "ListeApp\ListeApp.csproj", "{233B425A-C698-48F0-A22E-4E9BA7F510E5}"
EndProject
Project("{FAE04EC0-301F-11D3-BF4B-00C04F79EFBC}") = "PizzaApp", "PizzaApp\PizzaApp.csproj", "{37DED80C-A6CD-4914-BD47-F8114E0780A8}"
EndProject
Global
	GlobalSection(SolutionConfigurationPlatforms) = preSolution
		Debug|Any CPU = Debug|Any CPU
		Release|Any CPU = Release|Any CPU
	EndGlobalSection
	GlobalSection(ProjectConfigurationPlatforms) = postSolution
		{B7A23380-B983-44AA-83B5-B1D08B9C3F04}.Debug|Any CPU.ActiveCfg = Debug|Any CPU
		{B7A23380-B983-44AA-83B5-B1D08B9C3F04}.Debug|Any CPU.Build.0 = Debug|Any CPU
		{B7A23380-B983-44AA-83B5-B1D08B9C3F04}.Debug|Any CPU.Deploy.0 = Debug|Any CPU
		{B7A23380-B983-44AA-83B5-B1D08B9C3F04}.Release|Any CPU.ActiveCfg = Release|Any CPU
		{B7A23380-B983-44AA-83B5-B1D08B9C3F04}.Release|Any CPU.Build.0 = Release|Any CPU
		{B7A23380-B983-44AA-83B5-B1D08B9C3F04}.Release|Any CPU.Deploy.0 = Release|Any CPU
		{E426572E-1E1D-458B-9A03-DD197350F0F1}.Debug|Any CPU.ActiveCfg = Debug|Any CPU
		{E426572E-1E1D-458B-9A03-DD197350F0F1}.Debug|Any CPU.Build.0 = Debug|Any CPU
		{E426572E-1E1D-458B-9A03-DD197350F0F1}.Debug|Any CPU.Deploy.0 = Debug|Any CPU
		{E426572E-1E1D-458B-9A03-DD197350F0F1}.Release|Any CPU.ActiveCfg = Release|Any CPU
		{E426572E-1E1D-458B-9A03-DD197350F0F1}.Release|Any CPU.Build.0 = Release|Any CPU
		{E426572E-1E1D-458B-9A03-DD197350F0F1}.Release|Any CPU.Deploy.0 = Release|Any CPU
		{7C99EE72-7976-48BF-A16A-450809AAC7CE}.Debug|Any CPU.ActiveCfg = Debug|Any CPU
		{7C99EE72-7976-48BF-A16A-450809AAC7CE}.Debug|Any CPU.Build.0 = Debug|Any CPU
		{7C99EE72-7976-48BF-A16A-450809AAC7CE}.Debug|Any CPU.Deploy.0 = Debug|Any CPU
		{7C99EE72-7976-48BF-A16A-450809AAC7CE}.Release|Any CPU.ActiveCfg = Release|Any CPU
		{7C99EE72-7976-48BF-A16A-450809AAC7CE}.Release|Any CPU.Build.0 = Release|Any CPU
		{7C99EE72-7976-48BF-A16A-450809AAC7CE}.Release|Any CPU.Deploy.0 = Release|Any CPU
		{B7DBC5BE-59B8-49D0-93EC-17CE7502D5DD}.Debug|Any CPU.ActiveCfg = Debug|Any CPU
		{B7DBC5BE-59B8-49D0-93EC-17CE7502D5DD}.Debug|Any CPU.Build.0 = Debug|Any CPU
		{B7DBC5BE-59B8-49D0-93EC-17CE7502D5DD}.Debug|Any CPU.Deploy.0 = Debug|Any CPU
		{B7DBC5BE-59B8-49D0-93EC-17CE7502D5DD}.Release|Any CPU.ActiveCfg = Release|Any CPU
		{B7DBC5BE-59B8-49D0-93EC-17CE7502D5DD}.Release|Any CPU.Build.0 = Release|Any CPU
		{B7DBC5BE-59B8-49D0-93EC-17CE7502D5DD}.Release|Any CPU.Deploy.0 = Release|Any CPU
		{233B425A-C698-48F0-A22E-4E9BA7F510E5}.Debug|Any CPU.ActiveCfg = Debug|Any CPU
		{233B425A-C698-48F0-A22E-4E9BA7F510E5}.Debug|Any CPU.Build.0 = Debug|Any CPU
		{233B425A-C698-48F0-A22E-4E9BA7F510E5}.Debug|Any CPU.Deploy.0 = Debug|Any CPU
		{233B425A-C698-48F0-A22E-4E9BA7F510E5}.Release|Any CPU.ActiveCfg = Release|Any CPU
		{233B425A-C698-48F0-A22E-4E9BA7F510E5}.Release|Any CPU.Build.0 = Release|Any CPU
		{233B425A-C698-48F0-A22E-4E9BA7F510E5}.Release|Any CPU.Deploy.0 = Release|Any CPU
		{37DED80C-A6CD-4914-BD47-F8114E0780A8}.Debug|Any CPU.ActiveCfg = Debug|Any CPU
		{37DED80C-A6CD-4914-BD47-F8114E0780A8}.Debug|Any CPU.Build.0 = Debug|Any CPU
		{37DED80C-A6CD-4914-BD47-F8114E0780A8}.Debug|Any CPU.Deploy.0 = Debug|Any CPU
		{37DED80C-A6CD-4914-BD47-F8114E0780A8}.Release|Any CPU.ActiveCfg = Release|Any CPU
		{37DED80C-A6CD-4914-BD47-F8114E0780A8}.Release|Any CPU.Build.0 = Release|Any CPU
		{37DED80C-A6CD-4914-BD47-F8114E0780A8}.Release|Any CPU.Deploy.0 = Release|Any CPU
	EndGlobalSection
	GlobalSection(SolutionProperties) = preSolution
		HideSolutionNode = FALSE
	EndGlobalSection
	GlobalSection(ExtensibilityGlobals) = postSolution
		SolutionGuid = {A4B4A8BE-28BE-4E71-9834-414594E05406}
	EndGlobalSection
EndGlobal
