
Microsoft Visual Studio Solution File, Format Version 12.00
# Visual Studio Version 17
VisualStudioVersion = 17.10.34928.147
MinimumVisualStudioVersion = 10.0.40219.1
Project("{FAE04EC0-301F-11D3-BF4B-00C04F79EFBC}") = "TestAmelCehic", "TestAmelCehic\TestAmelCehic.csproj", "{69B53680-1B58-4127-B656-A00DDA8ED92F}"
EndProject
Global
	GlobalSection(SolutionConfigurationPlatforms) = preSolution
		Debug|Any CPU = Debug|Any CPU
		Release|Any CPU = Release|Any CPU
	EndGlobalSection
	GlobalSection(ProjectConfigurationPlatforms) = postSolution
		{69B53680-1B58-4127-B656-A00DDA8ED92F}.Debug|Any CPU.ActiveCfg = Debug|Any CPU
		{69B53680-1B58-4127-B656-A00DDA8ED92F}.Debug|Any CPU.Build.0 = Debug|Any CPU
		{69B53680-1B58-4127-B656-A00DDA8ED92F}.Debug|Any CPU.Deploy.0 = Debug|Any CPU
		{69B53680-1B58-4127-B656-A00DDA8ED92F}.Release|Any CPU.ActiveCfg = Release|Any CPU
		{69B53680-1B58-4127-B656-A00DDA8ED92F}.Release|Any CPU.Build.0 = Release|Any CPU
		{69B53680-1B58-4127-B656-A00DDA8ED92F}.Release|Any CPU.Deploy.0 = Release|Any CPU
	EndGlobalSection
	GlobalSection(SolutionProperties) = preSolution
		HideSolutionNode = FALSE
	EndGlobalSection
	GlobalSection(ExtensibilityGlobals) = postSolution
		SolutionGuid = {220DB8D6-DE3D-4CD5-AEB6-768739FFA7CB}
	EndGlobalSection
EndGlobal
